
Microsoft Visual Studio Solution File, Format Version 12.00
# Visual Studio Version 16
VisualStudioVersion = 16.0.30907.101
MinimumVisualStudioVersion = 10.0.40219.1
Project("{FAE04EC0-301F-11D3-BF4B-00C04F79EFBC}") = "Lab11", "Lab11\Lab11.csproj", "{6A4C56DA-53A4-48CC-A552-E0F8EA570572}"
EndProject
Project("{FAE04EC0-301F-11D3-BF4B-00C04F79EFBC}") = "Lab11Tests", "Lab11Tests\Lab11Tests.csproj", "{C4F52C98-7D57-41A7-B920-4A2EB8A724E7}"
EndProject
Global
	GlobalSection(SolutionConfigurationPlatforms) = preSolution
		Debug|Any CPU = Debug|Any CPU
		Release|Any CPU = Release|Any CPU
	EndGlobalSection
	GlobalSection(ProjectConfigurationPlatforms) = postSolution
		{6A4C56DA-53A4-48CC-A552-E0F8EA570572}.Debug|Any CPU.ActiveCfg = Debug|Any CPU
		{6A4C56DA-53A4-48CC-A552-E0F8EA570572}.Debug|Any CPU.Build.0 = Debug|Any CPU
		{6A4C56DA-53A4-48CC-A552-E0F8EA570572}.Release|Any CPU.ActiveCfg = Release|Any CPU
		{6A4C56DA-53A4-48CC-A552-E0F8EA570572}.Release|Any CPU.Build.0 = Release|Any CPU
		{C4F52C98-7D57-41A7-B920-4A2EB8A724E7}.Debug|Any CPU.ActiveCfg = Debug|Any CPU
		{C4F52C98-7D57-41A7-B920-4A2EB8A724E7}.Debug|Any CPU.Build.0 = Debug|Any CPU
		{C4F52C98-7D57-41A7-B920-4A2EB8A724E7}.Release|Any CPU.ActiveCfg = Release|Any CPU
		{C4F52C98-7D57-41A7-B920-4A2EB8A724E7}.Release|Any CPU.Build.0 = Release|Any CPU
	EndGlobalSection
	GlobalSection(SolutionProperties) = preSolution
		HideSolutionNode = FALSE
	EndGlobalSection
	GlobalSection(ExtensibilityGlobals) = postSolution
		SolutionGuid = {05DBE983-F752-4016-BC64-B2AE28F0DD1D}
	EndGlobalSection
EndGlobal
