
Microsoft Visual Studio Solution File, Format Version 12.00
# Visual Studio Version 16
VisualStudioVersion = 16.0.31025.194
MinimumVisualStudioVersion = 10.0.40219.1
Project("{FAE04EC0-301F-11D3-BF4B-00C04F79EFBC}") = "Lab6", "Lab6\Lab6.csproj", "{B3016DBB-0BAA-414D-8B62-939D51A39D07}"
EndProject
Global
	GlobalSection(SolutionConfigurationPlatforms) = preSolution
		Debug|Any CPU = Debug|Any CPU
		Release|Any CPU = Release|Any CPU
	EndGlobalSection
	GlobalSection(ProjectConfigurationPlatforms) = postSolution
		{B3016DBB-0BAA-414D-8B62-939D51A39D07}.Debug|Any CPU.ActiveCfg = Debug|Any CPU
		{B3016DBB-0BAA-414D-8B62-939D51A39D07}.Debug|Any CPU.Build.0 = Debug|Any CPU
		{B3016DBB-0BAA-414D-8B62-939D51A39D07}.Release|Any CPU.ActiveCfg = Release|Any CPU
		{B3016DBB-0BAA-414D-8B62-939D51A39D07}.Release|Any CPU.Build.0 = Release|Any CPU
	EndGlobalSection
	GlobalSection(SolutionProperties) = preSolution
		HideSolutionNode = FALSE
	EndGlobalSection
	GlobalSection(ExtensibilityGlobals) = postSolution
		SolutionGuid = {B57635A3-87C9-4507-9297-7D92889E2DD5}
	EndGlobalSection
EndGlobal
