
Microsoft Visual Studio Solution File, Format Version 12.00
# Visual Studio Version 16
VisualStudioVersion = 16.0.31025.194
MinimumVisualStudioVersion = 10.0.40219.1
Project("{FAE04EC0-301F-11D3-BF4B-00C04F79EFBC}") = "Lab7", "Lab7\Lab7.csproj", "{9532C253-FFAF-421E-A11F-593848118DCF}"
EndProject
Global
	GlobalSection(SolutionConfigurationPlatforms) = preSolution
		Debug|Any CPU = Debug|Any CPU
		Release|Any CPU = Release|Any CPU
	EndGlobalSection
	GlobalSection(ProjectConfigurationPlatforms) = postSolution
		{9532C253-FFAF-421E-A11F-593848118DCF}.Debug|Any CPU.ActiveCfg = Debug|Any CPU
		{9532C253-FFAF-421E-A11F-593848118DCF}.Debug|Any CPU.Build.0 = Debug|Any CPU
		{9532C253-FFAF-421E-A11F-593848118DCF}.Release|Any CPU.ActiveCfg = Release|Any CPU
		{9532C253-FFAF-421E-A11F-593848118DCF}.Release|Any CPU.Build.0 = Release|Any CPU
	EndGlobalSection
	GlobalSection(SolutionProperties) = preSolution
		HideSolutionNode = FALSE
	EndGlobalSection
	GlobalSection(ExtensibilityGlobals) = postSolution
		SolutionGuid = {934247A1-8F46-4CF0-8143-12F46204900E}
	EndGlobalSection
EndGlobal
